{
	"name": "@mjus/teastore",
	"version": "0.0.0",
	"lockfileVersion": 2,
	"requires": true,
	"packages": {
		"": {
			"name": "@mjus/teastore",
			"version": "0.0.0",
			"license": "Apache-2.0",
			"dependencies": {
				"@funkia/io": "0.0.5"
			}
		},
		"node_modules/@funkia/io": {
			"version": "0.0.5",
			"resolved": "https://registry.npmjs.org/@funkia/io/-/io-0.0.5.tgz",
			"integrity": "sha512-C1fNtAQVZBJAxmRAJSp2uuX27lGZy0y1wZWLYqzobiI/Abmmk5yUDRX+XCGh/q97gQ36qutd2lBZJQIkHvuXuw==",
			"dependencies": {
				"tslib": "^1.10.0"
			}
		},
		"node_modules/@funkia/io/node_modules/tslib": {
			"version": "1.14.1",
			"resolved": "https://registry.npmjs.org/tslib/-/tslib-1.14.1.tgz",
			"integrity": "sha512-Xni35NKzjgMrwevysHTCArtLDpPvye8zV/0E4EyYn43P7/7qvQwPh9BGkHewbMulVntbigmcT7rdX3BNo9wRJg=="
		}
	},
	"dependencies": {
		"@funkia/io": {
			"version": "0.0.5",
			"resolved": "https://registry.npmjs.org/@funkia/io/-/io-0.0.5.tgz",
			"integrity": "sha512-C1fNtAQVZBJAxmRAJSp2uuX27lGZy0y1wZWLYqzobiI/Abmmk5yUDRX+XCGh/q97gQ36qutd2lBZJQIkHvuXuw==",
			"requires": {
				"tslib": "^1.10.0"
			},
			"dependencies": {
				"tslib": {
					"version": "1.14.1",
					"resolved": "https://registry.npmjs.org/tslib/-/tslib-1.14.1.tgz",
					"integrity": "sha512-Xni35NKzjgMrwevysHTCArtLDpPvye8zV/0E4EyYn43P7/7qvQwPh9BGkHewbMulVntbigmcT7rdX3BNo9wRJg=="
				}
			}
		}
	}
}
